// !$*UTF8*$!
{
	archiveVersion = 1;
	classes = {
	};
	objectVersion = 46;
	objects = {

/* Begin PBXBuildFile section */
		1E93127A68441E526BBD4061 /* libPods-Sweat PetTests.a in Frameworks */ = {isa = PBXBuildFile; fileRef = 6D8925B72819111EFB30F2BF /* libPods-Sweat PetTests.a */; };
		473C29C70284537D702CAD48 /* libPods-Sweat Pet.a in Frameworks */ = {isa = PBXBuildFile; fileRef = 8444F0300CAF1A30682A0100 /* libPods-Sweat Pet.a */; };
		75AD62FA6DDEE8302C840667 /* libPods-Sweat Pet WatchKit App.a in Frameworks */ = {isa = PBXBuildFile; fileRef = 95925C4673E722B004BE6DB1 /* libPods-Sweat Pet WatchKit App.a */; };
		B08E073419D7F9370070E82F /* AppDelegate.swift in Sources */ = {isa = PBXBuildFile; fileRef = B08E073319D7F9370070E82F /* AppDelegate.swift */; };
		B08E073919D7F9370070E82F /* Main.storyboard in Resources */ = {isa = PBXBuildFile; fileRef = B08E073719D7F9370070E82F /* Main.storyboard */; };
		B08E073B19D7F9370070E82F /* Images.xcassets in Resources */ = {isa = PBXBuildFile; fileRef = B08E073A19D7F9370070E82F /* Images.xcassets */; };
		B08E074719D7F9370070E82F /* Sweat_PetTests.swift in Sources */ = {isa = PBXBuildFile; fileRef = B08E074619D7F9370070E82F /* Sweat_PetTests.swift */; };
		C7ED81BF0133EB5668A44692 /* libPods-Sweat Pet WatchKit Extension.a in Frameworks */ = {isa = PBXBuildFile; fileRef = 9268EBB49A40287F0488BA16 /* libPods-Sweat Pet WatchKit Extension.a */; };
		EB1BAD901AF4D4CE00A21D50 /* TestInterfaceController.swift in Sources */ = {isa = PBXBuildFile; fileRef = EB1BAD8F1AF4D4CE00A21D50 /* TestInterfaceController.swift */; };
		EB23F7181AE6375600E3171C /* VileInterfaceController.swift in Sources */ = {isa = PBXBuildFile; fileRef = EB23F7171AE6375600E3171C /* VileInterfaceController.swift */; };
		EB23F71A1AE637E500E3171C /* StatsInterfaceController.swift in Sources */ = {isa = PBXBuildFile; fileRef = EB23F7191AE637E500E3171C /* StatsInterfaceController.swift */; };
		EB426A521A9CA28E0033B72C /* RunViewController.swift in Sources */ = {isa = PBXBuildFile; fileRef = EB426A511A9CA28E0033B72C /* RunViewController.swift */; };
		EB486F8C1AE5D7CD003D0760 /* Images.xcassets in Resources */ = {isa = PBXBuildFile; fileRef = EB486F8B1AE5D7CD003D0760 /* Images.xcassets */; };
		EB4A11AF1AF50549000040FD /* SweatPetUtil.framework in Frameworks */ = {isa = PBXBuildFile; fileRef = EB4A11A41AF50549000040FD /* SweatPetUtil.framework */; };
		EB4A11B81AF50549000040FD /* SweatPetUtilTests.swift in Sources */ = {isa = PBXBuildFile; fileRef = EB4A11B71AF50549000040FD /* SweatPetUtilTests.swift */; };
		EB4A11BB1AF50549000040FD /* SweatPetUtil.framework in Frameworks */ = {isa = PBXBuildFile; fileRef = EB4A11A41AF50549000040FD /* SweatPetUtil.framework */; };
		EB4A11BD1AF50549000040FD /* SweatPetUtil.framework in Embed Frameworks */ = {isa = PBXBuildFile; fileRef = EB4A11A41AF50549000040FD /* SweatPetUtil.framework */; settings = {ATTRIBUTES = (CodeSignOnCopy, RemoveHeadersOnCopy, ); }; };
		EB64901B1AF50C6400609186 /* PetController.swift in Sources */ = {isa = PBXBuildFile; fileRef = EB64901A1AF50C6400609186 /* PetController.swift */; };
		EB6817771A9B0938005C3A38 /* petanim.atlas in Resources */ = {isa = PBXBuildFile; fileRef = EB6817761A9B0938005C3A38 /* petanim.atlas */; };
		EB7FDFC31AF510C8002287F3 /* HealthKitHelper.swift in Sources */ = {isa = PBXBuildFile; fileRef = EB7FDFC21AF510C8002287F3 /* HealthKitHelper.swift */; };
		EB810FBE1A9DC48F004FEBFF /* lick_synth.wav in Resources */ = {isa = PBXBuildFile; fileRef = EB810FBC1A9DC48F004FEBFF /* lick_synth.wav */; };
		EB810FBF1A9DC48F004FEBFF /* lick.wav in Resources */ = {isa = PBXBuildFile; fileRef = EB810FBD1A9DC48F004FEBFF /* lick.wav */; };
		EB9E20AB1ADC433900182CBA /* PetModel.xcdatamodeld in Sources */ = {isa = PBXBuildFile; fileRef = EB9E20A91ADC433900182CBA /* PetModel.xcdatamodeld */; };
		EB9E20AD1ADC458E00182CBA /* PetController.swift in Sources */ = {isa = PBXBuildFile; fileRef = EB9E20AC1ADC458E00182CBA /* PetController.swift */; };
		EB9E20B01ADCE02800182CBA /* InfoViewController.swift in Sources */ = {isa = PBXBuildFile; fileRef = EB9E20AF1ADCE02800182CBA /* InfoViewController.swift */; };
		EBA9FD2A1ABB693100753643 /* HealthKit.framework in Frameworks */ = {isa = PBXBuildFile; fileRef = EBA9FD291ABB693100753643 /* HealthKit.framework */; };
		EBB15BDA1A9A42FF004583CD /* SpriteKit.framework in Frameworks */ = {isa = PBXBuildFile; fileRef = EBB15BD91A9A42FF004583CD /* SpriteKit.framework */; };
		EBB15BDE1A9A4836004583CD /* GameScene.swift in Sources */ = {isa = PBXBuildFile; fileRef = EBB15BDD1A9A4836004583CD /* GameScene.swift */; };
		EBBC65F81AE1794200FE7D0D /* PetInterfaceController.swift in Sources */ = {isa = PBXBuildFile; fileRef = EBBC65F71AE1794200FE7D0D /* PetInterfaceController.swift */; };
		EBBC65FA1AE1794200FE7D0D /* NotificationController.swift in Sources */ = {isa = PBXBuildFile; fileRef = EBBC65F91AE1794200FE7D0D /* NotificationController.swift */; };
		EBBC65FC1AE1794200FE7D0D /* GlanceController.swift in Sources */ = {isa = PBXBuildFile; fileRef = EBBC65FB1AE1794200FE7D0D /* GlanceController.swift */; };
		EBBC65FE1AE1794200FE7D0D /* Images.xcassets in Resources */ = {isa = PBXBuildFile; fileRef = EBBC65FD1AE1794200FE7D0D /* Images.xcassets */; };
		EBBC66021AE1794200FE7D0D /* Sweat Pet WatchKit App.app in Resources */ = {isa = PBXBuildFile; fileRef = EBBC66011AE1794200FE7D0D /* Sweat Pet WatchKit App.app */; };
		EBBC660A1AE1794200FE7D0D /* Interface.storyboard in Resources */ = {isa = PBXBuildFile; fileRef = EBBC66081AE1794200FE7D0D /* Interface.storyboard */; };
		EBBC660F1AE1794200FE7D0D /* Sweat Pet WatchKit Extension.appex in Embed App Extensions */ = {isa = PBXBuildFile; fileRef = EBBC65F21AE1794200FE7D0D /* Sweat Pet WatchKit Extension.appex */; settings = {ATTRIBUTES = (RemoveHeadersOnCopy, ); }; };
		EBBC66171AE17A3B00FE7D0D /* Sweat Pet WatchKit App.app in Resources */ = {isa = PBXBuildFile; fileRef = EBBC66011AE1794200FE7D0D /* Sweat Pet WatchKit App.app */; };
		EBBC661B1AE17A4600FE7D0D /* WatchKit.framework in Frameworks */ = {isa = PBXBuildFile; fileRef = EBBC661A1AE17A4600FE7D0D /* WatchKit.framework */; };
		EBBC661F1AE17C7100FE7D0D /* Images.xcassets in Resources */ = {isa = PBXBuildFile; fileRef = EBBC661E1AE17C7100FE7D0D /* Images.xcassets */; };
		EBD7BEF31A9CEFD0008065AF /* pet_body.atlas in Resources */ = {isa = PBXBuildFile; fileRef = EBD7BEEE1A9CEFD0008065AF /* pet_body.atlas */; };
		EBD7BEF41A9CEFD0008065AF /* pet_mouth.atlas in Resources */ = {isa = PBXBuildFile; fileRef = EBD7BEEF1A9CEFD0008065AF /* pet_mouth.atlas */; };
		EBD7BEF51A9CEFD0008065AF /* pet_nose.atlas in Resources */ = {isa = PBXBuildFile; fileRef = EBD7BEF01A9CEFD0008065AF /* pet_nose.atlas */; };
		EBD7BEF61A9CEFD0008065AF /* pet_pupil.atlas in Resources */ = {isa = PBXBuildFile; fileRef = EBD7BEF11A9CEFD0008065AF /* pet_pupil.atlas */; };
		EBD7BEF71A9CEFD0008065AF /* pet_white_of_eye.atlas in Resources */ = {isa = PBXBuildFile; fileRef = EBD7BEF21A9CEFD0008065AF /* pet_white_of_eye.atlas */; };
		EBD7BEF91A9D059E008065AF /* pet_tongue.atlas in Resources */ = {isa = PBXBuildFile; fileRef = EBD7BEF81A9D059E008065AF /* pet_tongue.atlas */; };
		EBF6288C1A9C8D97000CCE12 /* PetViewController.swift in Sources */ = {isa = PBXBuildFile; fileRef = EBF6288B1A9C8D97000CCE12 /* PetViewController.swift */; };
		EBFB65451AE1DF840017C888 /* MMWormholeTest.swift in Sources */ = {isa = PBXBuildFile; fileRef = EBFB65441AE1DF840017C888 /* MMWormholeTest.swift */; };
		EBFB65461AE1DF840017C888 /* MMWormholeTest.swift in Sources */ = {isa = PBXBuildFile; fileRef = EBFB65441AE1DF840017C888 /* MMWormholeTest.swift */; };
/* End PBXBuildFile section */

/* Begin PBXContainerItemProxy section */
		B08E074119D7F9370070E82F /* PBXContainerItemProxy */ = {
			isa = PBXContainerItemProxy;
			containerPortal = B08E072619D7F9370070E82F /* Project object */;
			proxyType = 1;
			remoteGlobalIDString = B08E072D19D7F9370070E82F;
			remoteInfo = "Sweat Pet";
		};
		EB4A11B01AF50549000040FD /* PBXContainerItemProxy */ = {
			isa = PBXContainerItemProxy;
			containerPortal = B08E072619D7F9370070E82F /* Project object */;
			proxyType = 1;
			remoteGlobalIDString = EB4A11A31AF50549000040FD;
			remoteInfo = SweatPetUtil;
		};
		EB4A11B21AF50549000040FD /* PBXContainerItemProxy */ = {
			isa = PBXContainerItemProxy;
			containerPortal = B08E072619D7F9370070E82F /* Project object */;
			proxyType = 1;
			remoteGlobalIDString = B08E072D19D7F9370070E82F;
			remoteInfo = "Sweat Pet";
		};
		EB4A11B91AF50549000040FD /* PBXContainerItemProxy */ = {
			isa = PBXContainerItemProxy;
			containerPortal = B08E072619D7F9370070E82F /* Project object */;
			proxyType = 1;
			remoteGlobalIDString = EB4A11A31AF50549000040FD;
			remoteInfo = SweatPetUtil;
		};
		EBBC66031AE1794200FE7D0D /* PBXContainerItemProxy */ = {
			isa = PBXContainerItemProxy;
			containerPortal = B08E072619D7F9370070E82F /* Project object */;
			proxyType = 1;
			remoteGlobalIDString = EBBC66001AE1794200FE7D0D;
			remoteInfo = "Sweat Pet WatchKit App";
		};
		EBBC660D1AE1794200FE7D0D /* PBXContainerItemProxy */ = {
			isa = PBXContainerItemProxy;
			containerPortal = B08E072619D7F9370070E82F /* Project object */;
			proxyType = 1;
			remoteGlobalIDString = EBBC65F11AE1794200FE7D0D;
			remoteInfo = "Sweat Pet WatchKit Extension";
		};
		EBBC66181AE17A3B00FE7D0D /* PBXContainerItemProxy */ = {
			isa = PBXContainerItemProxy;
			containerPortal = B08E072619D7F9370070E82F /* Project object */;
			proxyType = 1;
			remoteGlobalIDString = EBBC66001AE1794200FE7D0D;
			remoteInfo = "Sweat Pet WatchKit App";
		};
/* End PBXContainerItemProxy section */

/* Begin PBXCopyFilesBuildPhase section */
		EB4A11BC1AF50549000040FD /* Embed Frameworks */ = {
			isa = PBXCopyFilesBuildPhase;
			buildActionMask = 2147483647;
			dstPath = "";
			dstSubfolderSpec = 10;
			files = (
				EB4A11BD1AF50549000040FD /* SweatPetUtil.framework in Embed Frameworks */,
			);
			name = "Embed Frameworks";
			runOnlyForDeploymentPostprocessing = 0;
		};
		EBBC66161AE1794200FE7D0D /* Embed App Extensions */ = {
			isa = PBXCopyFilesBuildPhase;
			buildActionMask = 2147483647;
			dstPath = "";
			dstSubfolderSpec = 13;
			files = (
				EBBC660F1AE1794200FE7D0D /* Sweat Pet WatchKit Extension.appex in Embed App Extensions */,
			);
			name = "Embed App Extensions";
			runOnlyForDeploymentPostprocessing = 0;
		};
/* End PBXCopyFilesBuildPhase section */

/* Begin PBXFileReference section */
		57AB8E5F156380FDBAB368D1 /* Pods-Sweat Pet.release.xcconfig */ = {isa = PBXFileReference; includeInIndex = 1; lastKnownFileType = text.xcconfig; name = "Pods-Sweat Pet.release.xcconfig"; path = "Pods/Target Support Files/Pods-Sweat Pet/Pods-Sweat Pet.release.xcconfig"; sourceTree = "<group>"; };
		626DBD05F3751CC3B8CF3043 /* Pods-Sweat PetTests.debug.xcconfig */ = {isa = PBXFileReference; includeInIndex = 1; lastKnownFileType = text.xcconfig; name = "Pods-Sweat PetTests.debug.xcconfig"; path = "Pods/Target Support Files/Pods-Sweat PetTests/Pods-Sweat PetTests.debug.xcconfig"; sourceTree = "<group>"; };
		6D8925B72819111EFB30F2BF /* libPods-Sweat PetTests.a */ = {isa = PBXFileReference; explicitFileType = archive.ar; includeInIndex = 0; path = "libPods-Sweat PetTests.a"; sourceTree = BUILT_PRODUCTS_DIR; };
		74067E45A9DFB1EB38EDC871 /* Pods-Sweat Pet WatchKit Extension.debug.xcconfig */ = {isa = PBXFileReference; includeInIndex = 1; lastKnownFileType = text.xcconfig; name = "Pods-Sweat Pet WatchKit Extension.debug.xcconfig"; path = "Pods/Target Support Files/Pods-Sweat Pet WatchKit Extension/Pods-Sweat Pet WatchKit Extension.debug.xcconfig"; sourceTree = "<group>"; };
		80FFB2BE3C69CD84F9FF3E11 /* Pods-Sweat Pet WatchKit Extension.release.xcconfig */ = {isa = PBXFileReference; includeInIndex = 1; lastKnownFileType = text.xcconfig; name = "Pods-Sweat Pet WatchKit Extension.release.xcconfig"; path = "Pods/Target Support Files/Pods-Sweat Pet WatchKit Extension/Pods-Sweat Pet WatchKit Extension.release.xcconfig"; sourceTree = "<group>"; };
		8444F0300CAF1A30682A0100 /* libPods-Sweat Pet.a */ = {isa = PBXFileReference; explicitFileType = archive.ar; includeInIndex = 0; path = "libPods-Sweat Pet.a"; sourceTree = BUILT_PRODUCTS_DIR; };
		8B67871821D36143EDF8BD07 /* Pods-Sweat Pet WatchKit App.debug.xcconfig */ = {isa = PBXFileReference; includeInIndex = 1; lastKnownFileType = text.xcconfig; name = "Pods-Sweat Pet WatchKit App.debug.xcconfig"; path = "Pods/Target Support Files/Pods-Sweat Pet WatchKit App/Pods-Sweat Pet WatchKit App.debug.xcconfig"; sourceTree = "<group>"; };
		9268EBB49A40287F0488BA16 /* libPods-Sweat Pet WatchKit Extension.a */ = {isa = PBXFileReference; explicitFileType = archive.ar; includeInIndex = 0; path = "libPods-Sweat Pet WatchKit Extension.a"; sourceTree = BUILT_PRODUCTS_DIR; };
		95925C4673E722B004BE6DB1 /* libPods-Sweat Pet WatchKit App.a */ = {isa = PBXFileReference; explicitFileType = archive.ar; includeInIndex = 0; path = "libPods-Sweat Pet WatchKit App.a"; sourceTree = BUILT_PRODUCTS_DIR; };
		ABDC78214604C8EA0E087B11 /* Pods-Sweat Pet.debug.xcconfig */ = {isa = PBXFileReference; includeInIndex = 1; lastKnownFileType = text.xcconfig; name = "Pods-Sweat Pet.debug.xcconfig"; path = "Pods/Target Support Files/Pods-Sweat Pet/Pods-Sweat Pet.debug.xcconfig"; sourceTree = "<group>"; };
		B08E072E19D7F9370070E82F /* Sweat Pet.app */ = {isa = PBXFileReference; explicitFileType = wrapper.application; includeInIndex = 0; path = "Sweat Pet.app"; sourceTree = BUILT_PRODUCTS_DIR; };
		B08E073219D7F9370070E82F /* Info.plist */ = {isa = PBXFileReference; lastKnownFileType = text.plist.xml; path = Info.plist; sourceTree = "<group>"; };
		B08E073319D7F9370070E82F /* AppDelegate.swift */ = {isa = PBXFileReference; lastKnownFileType = sourcecode.swift; path = AppDelegate.swift; sourceTree = "<group>"; };
		B08E073819D7F9370070E82F /* Base */ = {isa = PBXFileReference; lastKnownFileType = file.storyboard; name = Base; path = Base.lproj/Main.storyboard; sourceTree = "<group>"; };
		B08E073A19D7F9370070E82F /* Images.xcassets */ = {isa = PBXFileReference; lastKnownFileType = folder.assetcatalog; path = Images.xcassets; sourceTree = "<group>"; };
		B08E074019D7F9370070E82F /* Sweat PetTests.xctest */ = {isa = PBXFileReference; explicitFileType = wrapper.cfbundle; includeInIndex = 0; path = "Sweat PetTests.xctest"; sourceTree = BUILT_PRODUCTS_DIR; };
		B08E074519D7F9370070E82F /* Info.plist */ = {isa = PBXFileReference; lastKnownFileType = text.plist.xml; path = Info.plist; sourceTree = "<group>"; };
		B08E074619D7F9370070E82F /* Sweat_PetTests.swift */ = {isa = PBXFileReference; lastKnownFileType = sourcecode.swift; path = Sweat_PetTests.swift; sourceTree = "<group>"; };
		EB1BAD8F1AF4D4CE00A21D50 /* TestInterfaceController.swift */ = {isa = PBXFileReference; fileEncoding = 4; lastKnownFileType = sourcecode.swift; path = TestInterfaceController.swift; sourceTree = "<group>"; };
		EB23F7171AE6375600E3171C /* VileInterfaceController.swift */ = {isa = PBXFileReference; fileEncoding = 4; lastKnownFileType = sourcecode.swift; path = VileInterfaceController.swift; sourceTree = "<group>"; };
		EB23F7191AE637E500E3171C /* StatsInterfaceController.swift */ = {isa = PBXFileReference; fileEncoding = 4; lastKnownFileType = sourcecode.swift; path = StatsInterfaceController.swift; sourceTree = "<group>"; };
		EB2F2A4C1ABB710A00467EB8 /* HealthKit1.playground */ = {isa = PBXFileReference; lastKnownFileType = file.playground; path = HealthKit1.playground; sourceTree = "<group>"; };
		EB426A511A9CA28E0033B72C /* RunViewController.swift */ = {isa = PBXFileReference; fileEncoding = 4; lastKnownFileType = sourcecode.swift; path = RunViewController.swift; sourceTree = "<group>"; };
		EB486F8B1AE5D7CD003D0760 /* Images.xcassets */ = {isa = PBXFileReference; lastKnownFileType = folder.assetcatalog; path = Images.xcassets; sourceTree = "<group>"; };
		EB4A11A41AF50549000040FD /* SweatPetUtil.framework */ = {isa = PBXFileReference; explicitFileType = wrapper.framework; includeInIndex = 0; path = SweatPetUtil.framework; sourceTree = BUILT_PRODUCTS_DIR; };
		EB4A11A71AF50549000040FD /* Info.plist */ = {isa = PBXFileReference; lastKnownFileType = text.plist.xml; path = Info.plist; sourceTree = "<group>"; };
		EB4A11A81AF50549000040FD /* SweatPetUtil.h */ = {isa = PBXFileReference; lastKnownFileType = sourcecode.c.h; path = SweatPetUtil.h; sourceTree = "<group>"; };
		EB4A11AE1AF50549000040FD /* SweatPetUtilTests.xctest */ = {isa = PBXFileReference; explicitFileType = wrapper.cfbundle; includeInIndex = 0; path = SweatPetUtilTests.xctest; sourceTree = BUILT_PRODUCTS_DIR; };
		EB4A11B61AF50549000040FD /* Info.plist */ = {isa = PBXFileReference; lastKnownFileType = text.plist.xml; path = Info.plist; sourceTree = "<group>"; };
		EB4A11B71AF50549000040FD /* SweatPetUtilTests.swift */ = {isa = PBXFileReference; lastKnownFileType = sourcecode.swift; path = SweatPetUtilTests.swift; sourceTree = "<group>"; };
		EB64901A1AF50C6400609186 /* PetController.swift */ = {isa = PBXFileReference; fileEncoding = 4; lastKnownFileType = sourcecode.swift; path = PetController.swift; sourceTree = "<group>"; };
		EB6817761A9B0938005C3A38 /* petanim.atlas */ = {isa = PBXFileReference; lastKnownFileType = folder.skatlas; path = petanim.atlas; sourceTree = "<group>"; };
		EB7FDFC21AF510C8002287F3 /* HealthKitHelper.swift */ = {isa = PBXFileReference; fileEncoding = 4; lastKnownFileType = sourcecode.swift; path = HealthKitHelper.swift; sourceTree = "<group>"; };
		EB810FBC1A9DC48F004FEBFF /* lick_synth.wav */ = {isa = PBXFileReference; lastKnownFileType = audio.wav; path = lick_synth.wav; sourceTree = "<group>"; };
		EB810FBD1A9DC48F004FEBFF /* lick.wav */ = {isa = PBXFileReference; lastKnownFileType = audio.wav; path = lick.wav; sourceTree = "<group>"; };
		EB9149161ABBA60A00940950 /* HealthKit3.playground */ = {isa = PBXFileReference; lastKnownFileType = file.playground; path = HealthKit3.playground; sourceTree = "<group>"; };
		EB9E20A81ADA32B700182CBA /* Dates.playground */ = {isa = PBXFileReference; lastKnownFileType = file.playground; path = Dates.playground; sourceTree = "<group>"; };
		EB9E20AA1ADC433900182CBA /* PetModel.xcdatamodel */ = {isa = PBXFileReference; lastKnownFileType = wrapper.xcdatamodel; path = PetModel.xcdatamodel; sourceTree = "<group>"; };
		EB9E20AC1ADC458E00182CBA /* PetController.swift */ = {isa = PBXFileReference; fileEncoding = 4; lastKnownFileType = sourcecode.swift; path = PetController.swift; sourceTree = "<group>"; };
		EB9E20AF1ADCE02800182CBA /* InfoViewController.swift */ = {isa = PBXFileReference; fileEncoding = 4; lastKnownFileType = sourcecode.swift; path = InfoViewController.swift; sourceTree = "<group>"; };
		EBA9FD291ABB693100753643 /* HealthKit.framework */ = {isa = PBXFileReference; lastKnownFileType = wrapper.framework; name = HealthKit.framework; path = System/Library/Frameworks/HealthKit.framework; sourceTree = SDKROOT; };
		EBB15BD91A9A42FF004583CD /* SpriteKit.framework */ = {isa = PBXFileReference; lastKnownFileType = wrapper.framework; name = SpriteKit.framework; path = System/Library/Frameworks/SpriteKit.framework; sourceTree = SDKROOT; };
		EBB15BDD1A9A4836004583CD /* GameScene.swift */ = {isa = PBXFileReference; fileEncoding = 4; lastKnownFileType = sourcecode.swift; path = GameScene.swift; sourceTree = "<group>"; };
		EBBC65F21AE1794200FE7D0D /* Sweat Pet WatchKit Extension.appex */ = {isa = PBXFileReference; explicitFileType = "wrapper.app-extension"; includeInIndex = 0; path = "Sweat Pet WatchKit Extension.appex"; sourceTree = BUILT_PRODUCTS_DIR; };
		EBBC65F51AE1794200FE7D0D /* Info.plist */ = {isa = PBXFileReference; lastKnownFileType = text.plist.xml; path = Info.plist; sourceTree = "<group>"; };
		EBBC65F61AE1794200FE7D0D /* PushNotificationPayload.apns */ = {isa = PBXFileReference; lastKnownFileType = text; path = PushNotificationPayload.apns; sourceTree = "<group>"; };
		EBBC65F71AE1794200FE7D0D /* PetInterfaceController.swift */ = {isa = PBXFileReference; lastKnownFileType = sourcecode.swift; path = PetInterfaceController.swift; sourceTree = "<group>"; };
		EBBC65F91AE1794200FE7D0D /* NotificationController.swift */ = {isa = PBXFileReference; lastKnownFileType = sourcecode.swift; path = NotificationController.swift; sourceTree = "<group>"; };
		EBBC65FB1AE1794200FE7D0D /* GlanceController.swift */ = {isa = PBXFileReference; lastKnownFileType = sourcecode.swift; path = GlanceController.swift; sourceTree = "<group>"; };
		EBBC65FD1AE1794200FE7D0D /* Images.xcassets */ = {isa = PBXFileReference; lastKnownFileType = folder.assetcatalog; path = Images.xcassets; sourceTree = "<group>"; };
		EBBC66011AE1794200FE7D0D /* Sweat Pet WatchKit App.app */ = {isa = PBXFileReference; explicitFileType = wrapper.application; includeInIndex = 0; path = "Sweat Pet WatchKit App.app"; sourceTree = BUILT_PRODUCTS_DIR; };
		EBBC66071AE1794200FE7D0D /* Info.plist */ = {isa = PBXFileReference; lastKnownFileType = text.plist.xml; path = Info.plist; sourceTree = "<group>"; };
		EBBC66091AE1794200FE7D0D /* Base */ = {isa = PBXFileReference; lastKnownFileType = file.storyboard; name = Base; path = Base.lproj/Interface.storyboard; sourceTree = "<group>"; };
		EBBC661A1AE17A4600FE7D0D /* WatchKit.framework */ = {isa = PBXFileReference; lastKnownFileType = wrapper.framework; name = WatchKit.framework; path = System/Library/Frameworks/WatchKit.framework; sourceTree = SDKROOT; };
		EBBC661E1AE17C7100FE7D0D /* Images.xcassets */ = {isa = PBXFileReference; lastKnownFileType = folder.assetcatalog; path = Images.xcassets; sourceTree = "<group>"; };
		EBC030AA1AE1B71000138C27 /* Sweat Pet WatchKit Extension.entitlements */ = {isa = PBXFileReference; lastKnownFileType = text.xml; path = "Sweat Pet WatchKit Extension.entitlements"; sourceTree = "<group>"; };
		EBD7BEEE1A9CEFD0008065AF /* pet_body.atlas */ = {isa = PBXFileReference; lastKnownFileType = folder.skatlas; path = pet_body.atlas; sourceTree = "<group>"; };
		EBD7BEEF1A9CEFD0008065AF /* pet_mouth.atlas */ = {isa = PBXFileReference; lastKnownFileType = folder.skatlas; path = pet_mouth.atlas; sourceTree = "<group>"; };
		EBD7BEF01A9CEFD0008065AF /* pet_nose.atlas */ = {isa = PBXFileReference; lastKnownFileType = folder.skatlas; path = pet_nose.atlas; sourceTree = "<group>"; };
		EBD7BEF11A9CEFD0008065AF /* pet_pupil.atlas */ = {isa = PBXFileReference; lastKnownFileType = folder.skatlas; path = pet_pupil.atlas; sourceTree = "<group>"; };
		EBD7BEF21A9CEFD0008065AF /* pet_white_of_eye.atlas */ = {isa = PBXFileReference; lastKnownFileType = folder.skatlas; path = pet_white_of_eye.atlas; sourceTree = "<group>"; };
		EBD7BEF81A9D059E008065AF /* pet_tongue.atlas */ = {isa = PBXFileReference; lastKnownFileType = folder.skatlas; path = pet_tongue.atlas; sourceTree = "<group>"; };
		EBE2DCD61A9E95D400A500BD /* Closures.playground */ = {isa = PBXFileReference; lastKnownFileType = file.playground; path = Closures.playground; sourceTree = "<group>"; };
		EBE3E51F1A9DB3E300B5BCBC /* Sweat Pet.entitlements */ = {isa = PBXFileReference; lastKnownFileType = text.xml; path = "Sweat Pet.entitlements"; sourceTree = "<group>"; };
		EBF6288B1A9C8D97000CCE12 /* PetViewController.swift */ = {isa = PBXFileReference; fileEncoding = 4; lastKnownFileType = sourcecode.swift; path = PetViewController.swift; sourceTree = "<group>"; };
		EBF63D391ABB8E3300E63978 /* HealthKit2.playground */ = {isa = PBXFileReference; lastKnownFileType = file.playground; path = HealthKit2.playground; sourceTree = "<group>"; };
		EBFB65431AE1DD720017C888 /* Sweat-Pet-Bridging-Header.h */ = {isa = PBXFileReference; fileEncoding = 4; lastKnownFileType = sourcecode.c.h; path = "Sweat-Pet-Bridging-Header.h"; sourceTree = "<group>"; };
		EBFB65441AE1DF840017C888 /* MMWormholeTest.swift */ = {isa = PBXFileReference; fileEncoding = 4; lastKnownFileType = sourcecode.swift; path = MMWormholeTest.swift; sourceTree = "<group>"; };
		F5138D34FAB5E365629424A8 /* Pods-Sweat Pet WatchKit App.release.xcconfig */ = {isa = PBXFileReference; includeInIndex = 1; lastKnownFileType = text.xcconfig; name = "Pods-Sweat Pet WatchKit App.release.xcconfig"; path = "Pods/Target Support Files/Pods-Sweat Pet WatchKit App/Pods-Sweat Pet WatchKit App.release.xcconfig"; sourceTree = "<group>"; };
		FDDD1C5C6DDB469323687E48 /* Pods-Sweat PetTests.release.xcconfig */ = {isa = PBXFileReference; includeInIndex = 1; lastKnownFileType = text.xcconfig; name = "Pods-Sweat PetTests.release.xcconfig"; path = "Pods/Target Support Files/Pods-Sweat PetTests/Pods-Sweat PetTests.release.xcconfig"; sourceTree = "<group>"; };
/* End PBXFileReference section */

/* Begin PBXFrameworksBuildPhase section */
		8742283179BFDA71D1EB8186 /* Frameworks */ = {
			isa = PBXFrameworksBuildPhase;
			buildActionMask = 2147483647;
			files = (
				75AD62FA6DDEE8302C840667 /* libPods-Sweat Pet WatchKit App.a in Frameworks */,
			);
			runOnlyForDeploymentPostprocessing = 0;
		};
		B08E072B19D7F9370070E82F /* Frameworks */ = {
			isa = PBXFrameworksBuildPhase;
			buildActionMask = 2147483647;
			files = (
				EBBC661B1AE17A4600FE7D0D /* WatchKit.framework in Frameworks */,
				EBB15BDA1A9A42FF004583CD /* SpriteKit.framework in Frameworks */,
				EBA9FD2A1ABB693100753643 /* HealthKit.framework in Frameworks */,
				473C29C70284537D702CAD48 /* libPods-Sweat Pet.a in Frameworks */,
				EB4A11BB1AF50549000040FD /* SweatPetUtil.framework in Frameworks */,
			);
			runOnlyForDeploymentPostprocessing = 0;
		};
		B08E073D19D7F9370070E82F /* Frameworks */ = {
			isa = PBXFrameworksBuildPhase;
			buildActionMask = 2147483647;
			files = (
				1E93127A68441E526BBD4061 /* libPods-Sweat PetTests.a in Frameworks */,
			);
			runOnlyForDeploymentPostprocessing = 0;
		};
		EB4A11A01AF50549000040FD /* Frameworks */ = {
			isa = PBXFrameworksBuildPhase;
			buildActionMask = 2147483647;
			files = (
			);
			runOnlyForDeploymentPostprocessing = 0;
		};
		EB4A11AB1AF50549000040FD /* Frameworks */ = {
			isa = PBXFrameworksBuildPhase;
			buildActionMask = 2147483647;
			files = (
				EB4A11AF1AF50549000040FD /* SweatPetUtil.framework in Frameworks */,
			);
			runOnlyForDeploymentPostprocessing = 0;
		};
		EBBC65EF1AE1794200FE7D0D /* Frameworks */ = {
			isa = PBXFrameworksBuildPhase;
			buildActionMask = 2147483647;
			files = (
				C7ED81BF0133EB5668A44692 /* libPods-Sweat Pet WatchKit Extension.a in Frameworks */,
			);
			runOnlyForDeploymentPostprocessing = 0;
		};
/* End PBXFrameworksBuildPhase section */

/* Begin PBXGroup section */
		57A0F770A2629968530B61B1 /* Frameworks */ = {
			isa = PBXGroup;
			children = (
				8444F0300CAF1A30682A0100 /* libPods-Sweat Pet.a */,
				95925C4673E722B004BE6DB1 /* libPods-Sweat Pet WatchKit App.a */,
				9268EBB49A40287F0488BA16 /* libPods-Sweat Pet WatchKit Extension.a */,
				6D8925B72819111EFB30F2BF /* libPods-Sweat PetTests.a */,
			);
			name = Frameworks;
			sourceTree = "<group>";
		};
		7BD519461B7A79B69C3107CD /* Pods */ = {
			isa = PBXGroup;
			children = (
				ABDC78214604C8EA0E087B11 /* Pods-Sweat Pet.debug.xcconfig */,
				57AB8E5F156380FDBAB368D1 /* Pods-Sweat Pet.release.xcconfig */,
				8B67871821D36143EDF8BD07 /* Pods-Sweat Pet WatchKit App.debug.xcconfig */,
				F5138D34FAB5E365629424A8 /* Pods-Sweat Pet WatchKit App.release.xcconfig */,
				74067E45A9DFB1EB38EDC871 /* Pods-Sweat Pet WatchKit Extension.debug.xcconfig */,
				80FFB2BE3C69CD84F9FF3E11 /* Pods-Sweat Pet WatchKit Extension.release.xcconfig */,
				626DBD05F3751CC3B8CF3043 /* Pods-Sweat PetTests.debug.xcconfig */,
				FDDD1C5C6DDB469323687E48 /* Pods-Sweat PetTests.release.xcconfig */,
			);
			name = Pods;
			sourceTree = "<group>";
		};
		B08E072519D7F9370070E82F = {
			isa = PBXGroup;
			children = (
				EBFB65431AE1DD720017C888 /* Sweat-Pet-Bridging-Header.h */,
				EBBC661E1AE17C7100FE7D0D /* Images.xcassets */,
				EBBC661A1AE17A4600FE7D0D /* WatchKit.framework */,
				EBA9FD291ABB693100753643 /* HealthKit.framework */,
				EBB15BD91A9A42FF004583CD /* SpriteKit.framework */,
				B08E073019D7F9370070E82F /* Sweat Pet */,
				B08E074319D7F9370070E82F /* Sweat PetTests */,
				EBBC65F31AE1794200FE7D0D /* Sweat Pet WatchKit Extension */,
				EBBC66051AE1794200FE7D0D /* Sweat Pet WatchKit App */,
				EB4A11A51AF50549000040FD /* SweatPetUtil */,
				EB4A11B41AF50549000040FD /* SweatPetUtilTests */,
				B08E072F19D7F9370070E82F /* Products */,
				7BD519461B7A79B69C3107CD /* Pods */,
				57A0F770A2629968530B61B1 /* Frameworks */,
			);
			sourceTree = "<group>";
		};
		B08E072F19D7F9370070E82F /* Products */ = {
			isa = PBXGroup;
			children = (
				B08E072E19D7F9370070E82F /* Sweat Pet.app */,
				B08E074019D7F9370070E82F /* Sweat PetTests.xctest */,
				EBBC65F21AE1794200FE7D0D /* Sweat Pet WatchKit Extension.appex */,
				EBBC66011AE1794200FE7D0D /* Sweat Pet WatchKit App.app */,
				EB4A11A41AF50549000040FD /* SweatPetUtil.framework */,
				EB4A11AE1AF50549000040FD /* SweatPetUtilTests.xctest */,
			);
			name = Products;
			sourceTree = "<group>";
		};
		B08E073019D7F9370070E82F /* Sweat Pet */ = {
			isa = PBXGroup;
			children = (
				EBAC6D431AE40F730030C71A /* Test */,
				B08E073719D7F9370070E82F /* Main.storyboard */,
				EB9E20AE1ADCDFD300182CBA /* ViewControllers */,
				EB9E20B11ADCE07000182CBA /* Pet Data */,
				EB9E20B21ADCE0A400182CBA /* Pet Art */,
				EB810FB91A9DC460004FEBFF /* Sounds */,
				B08E073319D7F9370070E82F /* AppDelegate.swift */,
				EBE2DCD51A9E95D400A500BD /* Playgrounds */,
				B08E073119D7F9370070E82F /* Supporting Files */,
			);
			path = "Sweat Pet";
			sourceTree = "<group>";
		};
		B08E073119D7F9370070E82F /* Supporting Files */ = {
			isa = PBXGroup;
			children = (
				EBE3E51F1A9DB3E300B5BCBC /* Sweat Pet.entitlements */,
				B08E073219D7F9370070E82F /* Info.plist */,
			);
			name = "Supporting Files";
			sourceTree = "<group>";
		};
		B08E074319D7F9370070E82F /* Sweat PetTests */ = {
			isa = PBXGroup;
			children = (
				B08E074619D7F9370070E82F /* Sweat_PetTests.swift */,
				B08E074419D7F9370070E82F /* Supporting Files */,
			);
			path = "Sweat PetTests";
			sourceTree = "<group>";
		};
		B08E074419D7F9370070E82F /* Supporting Files */ = {
			isa = PBXGroup;
			children = (
				B08E074519D7F9370070E82F /* Info.plist */,
			);
			name = "Supporting Files";
			sourceTree = "<group>";
		};
		EB4A11A51AF50549000040FD /* SweatPetUtil */ = {
			isa = PBXGroup;
			children = (
				EB4A11A81AF50549000040FD /* SweatPetUtil.h */,
				EB4A11A61AF50549000040FD /* Supporting Files */,
				EB64901A1AF50C6400609186 /* PetController.swift */,
				EB7FDFC21AF510C8002287F3 /* HealthKitHelper.swift */,
			);
			path = SweatPetUtil;
			sourceTree = "<group>";
		};
		EB4A11A61AF50549000040FD /* Supporting Files */ = {
			isa = PBXGroup;
			children = (
				EB4A11A71AF50549000040FD /* Info.plist */,
			);
			name = "Supporting Files";
			sourceTree = "<group>";
		};
		EB4A11B41AF50549000040FD /* SweatPetUtilTests */ = {
			isa = PBXGroup;
			children = (
				EB4A11B71AF50549000040FD /* SweatPetUtilTests.swift */,
				EB4A11B51AF50549000040FD /* Supporting Files */,
			);
			path = SweatPetUtilTests;
			sourceTree = "<group>";
		};
		EB4A11B51AF50549000040FD /* Supporting Files */ = {
			isa = PBXGroup;
			children = (
				EB4A11B61AF50549000040FD /* Info.plist */,
			);
			name = "Supporting Files";
			sourceTree = "<group>";
		};
		EB810FB91A9DC460004FEBFF /* Sounds */ = {
			isa = PBXGroup;
			children = (
				EB810FBC1A9DC48F004FEBFF /* lick_synth.wav */,
				EB810FBD1A9DC48F004FEBFF /* lick.wav */,
			);
			path = Sounds;
			sourceTree = "<group>";
		};
		EB9E20AE1ADCDFD300182CBA /* ViewControllers */ = {
			isa = PBXGroup;
			children = (
				EBF6288B1A9C8D97000CCE12 /* PetViewController.swift */,
				EB426A511A9CA28E0033B72C /* RunViewController.swift */,
				EB9E20AF1ADCE02800182CBA /* InfoViewController.swift */,
			);
			name = ViewControllers;
			sourceTree = "<group>";
		};
		EB9E20B11ADCE07000182CBA /* Pet Data */ = {
			isa = PBXGroup;
			children = (
				EBB15BDD1A9A4836004583CD /* GameScene.swift */,
				EB9E20AC1ADC458E00182CBA /* PetController.swift */,
				EB9E20A91ADC433900182CBA /* PetModel.xcdatamodeld */,
			);
			name = "Pet Data";
			sourceTree = "<group>";
		};
		EB9E20B21ADCE0A400182CBA /* Pet Art */ = {
			isa = PBXGroup;
			children = (
				EBD7BEED1A9CEFD0008065AF /* Pet_Parts */,
				EB6817761A9B0938005C3A38 /* petanim.atlas */,
				B08E073A19D7F9370070E82F /* Images.xcassets */,
			);
			name = "Pet Art";
			sourceTree = "<group>";
		};
		EBAC6D431AE40F730030C71A /* Test */ = {
			isa = PBXGroup;
			children = (
				EBFB65441AE1DF840017C888 /* MMWormholeTest.swift */,
			);
			name = Test;
			sourceTree = "<group>";
		};
		EBBC65F31AE1794200FE7D0D /* Sweat Pet WatchKit Extension */ = {
			isa = PBXGroup;
			children = (
				EBC030AA1AE1B71000138C27 /* Sweat Pet WatchKit Extension.entitlements */,
				EB1BAD8F1AF4D4CE00A21D50 /* TestInterfaceController.swift */,
				EBBC65F71AE1794200FE7D0D /* PetInterfaceController.swift */,
				EB23F7171AE6375600E3171C /* VileInterfaceController.swift */,
				EB23F7191AE637E500E3171C /* StatsInterfaceController.swift */,
				EBBC65F91AE1794200FE7D0D /* NotificationController.swift */,
				EBBC65FB1AE1794200FE7D0D /* GlanceController.swift */,
				EBBC65FD1AE1794200FE7D0D /* Images.xcassets */,
				EBBC65F41AE1794200FE7D0D /* Supporting Files */,
			);
			path = "Sweat Pet WatchKit Extension";
			sourceTree = "<group>";
		};
		EBBC65F41AE1794200FE7D0D /* Supporting Files */ = {
			isa = PBXGroup;
			children = (
				EBBC65F51AE1794200FE7D0D /* Info.plist */,
				EBBC65F61AE1794200FE7D0D /* PushNotificationPayload.apns */,
			);
			name = "Supporting Files";
			sourceTree = "<group>";
		};
		EBBC66051AE1794200FE7D0D /* Sweat Pet WatchKit App */ = {
			isa = PBXGroup;
			children = (
				EB486F8B1AE5D7CD003D0760 /* Images.xcassets */,
				EBBC66081AE1794200FE7D0D /* Interface.storyboard */,
				EBBC66061AE1794200FE7D0D /* Supporting Files */,
			);
			path = "Sweat Pet WatchKit App";
			sourceTree = "<group>";
		};
		EBBC66061AE1794200FE7D0D /* Supporting Files */ = {
			isa = PBXGroup;
			children = (
				EBBC66071AE1794200FE7D0D /* Info.plist */,
			);
			name = "Supporting Files";
			sourceTree = "<group>";
		};
		EBD7BEED1A9CEFD0008065AF /* Pet_Parts */ = {
			isa = PBXGroup;
			children = (
				EBD7BEF81A9D059E008065AF /* pet_tongue.atlas */,
				EBD7BEEE1A9CEFD0008065AF /* pet_body.atlas */,
				EBD7BEEF1A9CEFD0008065AF /* pet_mouth.atlas */,
				EBD7BEF01A9CEFD0008065AF /* pet_nose.atlas */,
				EBD7BEF11A9CEFD0008065AF /* pet_pupil.atlas */,
				EBD7BEF21A9CEFD0008065AF /* pet_white_of_eye.atlas */,
			);
			path = Pet_Parts;
			sourceTree = "<group>";
		};
		EBE2DCD51A9E95D400A500BD /* Playgrounds */ = {
			isa = PBXGroup;
			children = (
				EB9149161ABBA60A00940950 /* HealthKit3.playground */,
				EBF63D391ABB8E3300E63978 /* HealthKit2.playground */,
				EB2F2A4C1ABB710A00467EB8 /* HealthKit1.playground */,
				EBE2DCD61A9E95D400A500BD /* Closures.playground */,
				EB9E20A81ADA32B700182CBA /* Dates.playground */,
			);
			path = Playgrounds;
			sourceTree = "<group>";
		};
/* End PBXGroup section */

/* Begin PBXHeadersBuildPhase section */
		EB4A11A11AF50549000040FD /* Headers */ = {
			isa = PBXHeadersBuildPhase;
			buildActionMask = 2147483647;
			files = (
			);
			runOnlyForDeploymentPostprocessing = 0;
		};
/* End PBXHeadersBuildPhase section */

/* Begin PBXNativeTarget section */
		B08E072D19D7F9370070E82F /* Sweat Pet */ = {
			isa = PBXNativeTarget;
			buildConfigurationList = B08E074A19D7F9370070E82F /* Build configuration list for PBXNativeTarget "Sweat Pet" */;
			buildPhases = (
				00D8B3E2A38A20BD53CA73B8 /* Check Pods Manifest.lock */,
				B08E072A19D7F9370070E82F /* Sources */,
				B08E072B19D7F9370070E82F /* Frameworks */,
				B08E072C19D7F9370070E82F /* Resources */,
				EBBC66161AE1794200FE7D0D /* Embed App Extensions */,
				769374B2D0A29B64BA665523 /* Copy Pods Resources */,
				EB4A11BC1AF50549000040FD /* Embed Frameworks */,
			);
			buildRules = (
			);
			dependencies = (
				EBBC660E1AE1794200FE7D0D /* PBXTargetDependency */,
				EBBC66191AE17A3B00FE7D0D /* PBXTargetDependency */,
				EB4A11BA1AF50549000040FD /* PBXTargetDependency */,
			);
			name = "Sweat Pet";
			productName = "Sweat Pet";
			productReference = B08E072E19D7F9370070E82F /* Sweat Pet.app */;
			productType = "com.apple.product-type.application";
		};
		B08E073F19D7F9370070E82F /* Sweat PetTests */ = {
			isa = PBXNativeTarget;
			buildConfigurationList = B08E074D19D7F9370070E82F /* Build configuration list for PBXNativeTarget "Sweat PetTests" */;
			buildPhases = (
				82FAFB667A4116F84A46E319 /* Check Pods Manifest.lock */,
				B08E073C19D7F9370070E82F /* Sources */,
				B08E073D19D7F9370070E82F /* Frameworks */,
				B08E073E19D7F9370070E82F /* Resources */,
				F105C800419EE5C8CA486B78 /* Copy Pods Resources */,
			);
			buildRules = (
			);
			dependencies = (
				B08E074219D7F9370070E82F /* PBXTargetDependency */,
			);
			name = "Sweat PetTests";
			productName = "Sweat PetTests";
			productReference = B08E074019D7F9370070E82F /* Sweat PetTests.xctest */;
			productType = "com.apple.product-type.bundle.unit-test";
		};
		EB4A11A31AF50549000040FD /* SweatPetUtil */ = {
			isa = PBXNativeTarget;
			buildConfigurationList = EB4A11C21AF50549000040FD /* Build configuration list for PBXNativeTarget "SweatPetUtil" */;
			buildPhases = (
				EB4A119F1AF50549000040FD /* Sources */,
				EB4A11A01AF50549000040FD /* Frameworks */,
				EB4A11A11AF50549000040FD /* Headers */,
				EB4A11A21AF50549000040FD /* Resources */,
			);
			buildRules = (
			);
			dependencies = (
			);
			name = SweatPetUtil;
			productName = SweatPetUtil;
			productReference = EB4A11A41AF50549000040FD /* SweatPetUtil.framework */;
			productType = "com.apple.product-type.framework";
		};
		EB4A11AD1AF50549000040FD /* SweatPetUtilTests */ = {
			isa = PBXNativeTarget;
			buildConfigurationList = EB4A11C31AF50549000040FD /* Build configuration list for PBXNativeTarget "SweatPetUtilTests" */;
			buildPhases = (
				EB4A11AA1AF50549000040FD /* Sources */,
				EB4A11AB1AF50549000040FD /* Frameworks */,
				EB4A11AC1AF50549000040FD /* Resources */,
			);
			buildRules = (
			);
			dependencies = (
				EB4A11B11AF50549000040FD /* PBXTargetDependency */,
				EB4A11B31AF50549000040FD /* PBXTargetDependency */,
			);
			name = SweatPetUtilTests;
			productName = SweatPetUtilTests;
			productReference = EB4A11AE1AF50549000040FD /* SweatPetUtilTests.xctest */;
			productType = "com.apple.product-type.bundle.unit-test";
		};
		EBBC65F11AE1794200FE7D0D /* Sweat Pet WatchKit Extension */ = {
			isa = PBXNativeTarget;
			buildConfigurationList = EBBC66151AE1794200FE7D0D /* Build configuration list for PBXNativeTarget "Sweat Pet WatchKit Extension" */;
			buildPhases = (
				3948693B8F5EADC8184174BE /* Check Pods Manifest.lock */,
				EBBC65EE1AE1794200FE7D0D /* Sources */,
				EBBC65EF1AE1794200FE7D0D /* Frameworks */,
				EBBC65F01AE1794200FE7D0D /* Resources */,
				278D51B2D0E839D3C5A34725 /* Copy Pods Resources */,
			);
			buildRules = (
			);
			dependencies = (
				EBBC66041AE1794200FE7D0D /* PBXTargetDependency */,
			);
			name = "Sweat Pet WatchKit Extension";
			productName = "Sweat Pet WatchKit Extension";
			productReference = EBBC65F21AE1794200FE7D0D /* Sweat Pet WatchKit Extension.appex */;
			productType = "com.apple.product-type.watchkit-extension";
		};
		EBBC66001AE1794200FE7D0D /* Sweat Pet WatchKit App */ = {
			isa = PBXNativeTarget;
			buildConfigurationList = EBBC66141AE1794200FE7D0D /* Build configuration list for PBXNativeTarget "Sweat Pet WatchKit App" */;
			buildPhases = (
				29F0A49805CDA1B7CB4BC187 /* Check Pods Manifest.lock */,
				EBBC65FF1AE1794200FE7D0D /* Resources */,
				8742283179BFDA71D1EB8186 /* Frameworks */,
				015142130DF878CED0AF3B05 /* Copy Pods Resources */,
			);
			buildRules = (
			);
			dependencies = (
			);
			name = "Sweat Pet WatchKit App";
			productName = "Sweat Pet WatchKit App";
			productReference = EBBC66011AE1794200FE7D0D /* Sweat Pet WatchKit App.app */;
			productType = "com.apple.product-type.application.watchapp";
		};
/* End PBXNativeTarget section */

/* Begin PBXProject section */
		B08E072619D7F9370070E82F /* Project object */ = {
			isa = PBXProject;
			attributes = {
				LastUpgradeCheck = 0600;
				ORGANIZATIONNAME = EDWON;
				TargetAttributes = {
					B08E072D19D7F9370070E82F = {
						CreatedOnToolsVersion = 6.0;
						DevelopmentTeam = K4NQBC9GFA;
						SystemCapabilities = {
							com.apple.ApplicationGroups.iOS = {
								enabled = 1;
							};
							com.apple.HealthKit = {
								enabled = 1;
							};
						};
					};
					B08E073F19D7F9370070E82F = {
						CreatedOnToolsVersion = 6.0;
						TestTargetID = B08E072D19D7F9370070E82F;
					};
					EB4A11A31AF50549000040FD = {
						CreatedOnToolsVersion = 6.3.1;
						DevelopmentTeam = K4NQBC9GFA;
					};
					EB4A11AD1AF50549000040FD = {
						CreatedOnToolsVersion = 6.3.1;
						TestTargetID = B08E072D19D7F9370070E82F;
					};
					EBBC65F11AE1794200FE7D0D = {
						CreatedOnToolsVersion = 6.3;
						DevelopmentTeam = K4NQBC9GFA;
						SystemCapabilities = {
							com.apple.ApplicationGroups.iOS = {
								enabled = 1;
							};
						};
					};
					EBBC66001AE1794200FE7D0D = {
						CreatedOnToolsVersion = 6.3;
						DevelopmentTeam = K4NQBC9GFA;
					};
				};
			};
			buildConfigurationList = B08E072919D7F9370070E82F /* Build configuration list for PBXProject "Sweat Pet" */;
			compatibilityVersion = "Xcode 3.2";
			developmentRegion = English;
			hasScannedForEncodings = 0;
			knownRegions = (
				en,
				Base,
			);
			mainGroup = B08E072519D7F9370070E82F;
			productRefGroup = B08E072F19D7F9370070E82F /* Products */;
			projectDirPath = "";
			projectRoot = "";
			targets = (
				B08E072D19D7F9370070E82F /* Sweat Pet */,
				B08E073F19D7F9370070E82F /* Sweat PetTests */,
				EBBC65F11AE1794200FE7D0D /* Sweat Pet WatchKit Extension */,
				EBBC66001AE1794200FE7D0D /* Sweat Pet WatchKit App */,
				EB4A11A31AF50549000040FD /* SweatPetUtil */,
				EB4A11AD1AF50549000040FD /* SweatPetUtilTests */,
			);
		};
/* End PBXProject section */

/* Begin PBXResourcesBuildPhase section */
		B08E072C19D7F9370070E82F /* Resources */ = {
			isa = PBXResourcesBuildPhase;
			buildActionMask = 2147483647;
			files = (
				EB810FBE1A9DC48F004FEBFF /* lick_synth.wav in Resources */,
				EBD7BEF71A9CEFD0008065AF /* pet_white_of_eye.atlas in Resources */,
				EBBC66171AE17A3B00FE7D0D /* Sweat Pet WatchKit App.app in Resources */,
				EBBC661F1AE17C7100FE7D0D /* Images.xcassets in Resources */,
				B08E073919D7F9370070E82F /* Main.storyboard in Resources */,
				B08E073B19D7F9370070E82F /* Images.xcassets in Resources */,
				EBD7BEF91A9D059E008065AF /* pet_tongue.atlas in Resources */,
				EB6817771A9B0938005C3A38 /* petanim.atlas in Resources */,
				EBD7BEF31A9CEFD0008065AF /* pet_body.atlas in Resources */,
				EB810FBF1A9DC48F004FEBFF /* lick.wav in Resources */,
				EBD7BEF51A9CEFD0008065AF /* pet_nose.atlas in Resources */,
				EBD7BEF41A9CEFD0008065AF /* pet_mouth.atlas in Resources */,
				EBD7BEF61A9CEFD0008065AF /* pet_pupil.atlas in Resources */,
			);
			runOnlyForDeploymentPostprocessing = 0;
		};
		B08E073E19D7F9370070E82F /* Resources */ = {
			isa = PBXResourcesBuildPhase;
			buildActionMask = 2147483647;
			files = (
			);
			runOnlyForDeploymentPostprocessing = 0;
		};
		EB4A11A21AF50549000040FD /* Resources */ = {
			isa = PBXResourcesBuildPhase;
			buildActionMask = 2147483647;
			files = (
			);
			runOnlyForDeploymentPostprocessing = 0;
		};
		EB4A11AC1AF50549000040FD /* Resources */ = {
			isa = PBXResourcesBuildPhase;
			buildActionMask = 2147483647;
			files = (
			);
			runOnlyForDeploymentPostprocessing = 0;
		};
		EBBC65F01AE1794200FE7D0D /* Resources */ = {
			isa = PBXResourcesBuildPhase;
			buildActionMask = 2147483647;
			files = (
				EBBC66021AE1794200FE7D0D /* Sweat Pet WatchKit App.app in Resources */,
				EBBC65FE1AE1794200FE7D0D /* Images.xcassets in Resources */,
			);
			runOnlyForDeploymentPostprocessing = 0;
		};
		EBBC65FF1AE1794200FE7D0D /* Resources */ = {
			isa = PBXResourcesBuildPhase;
			buildActionMask = 2147483647;
			files = (
				EBBC660A1AE1794200FE7D0D /* Interface.storyboard in Resources */,
				EB486F8C1AE5D7CD003D0760 /* Images.xcassets in Resources */,
			);
			runOnlyForDeploymentPostprocessing = 0;
		};
/* End PBXResourcesBuildPhase section */

/* Begin PBXShellScriptBuildPhase section */
		00D8B3E2A38A20BD53CA73B8 /* Check Pods Manifest.lock */ = {
			isa = PBXShellScriptBuildPhase;
			buildActionMask = 2147483647;
			files = (
			);
			inputPaths = (
			);
			name = "Check Pods Manifest.lock";
			outputPaths = (
			);
			runOnlyForDeploymentPostprocessing = 0;
			shellPath = /bin/sh;
			shellScript = "diff \"${PODS_ROOT}/../Podfile.lock\" \"${PODS_ROOT}/Manifest.lock\" > /dev/null\nif [[ $? != 0 ]] ; then\n    cat << EOM\nerror: The sandbox is not in sync with the Podfile.lock. Run 'pod install' or update your CocoaPods installation.\nEOM\n    exit 1\nfi\n";
			showEnvVarsInLog = 0;
		};
		015142130DF878CED0AF3B05 /* Copy Pods Resources */ = {
			isa = PBXShellScriptBuildPhase;
			buildActionMask = 2147483647;
			files = (
			);
			inputPaths = (
			);
			name = "Copy Pods Resources";
			outputPaths = (
			);
			runOnlyForDeploymentPostprocessing = 0;
			shellPath = /bin/sh;
			shellScript = "\"${SRCROOT}/Pods/Target Support Files/Pods-Sweat Pet WatchKit App/Pods-Sweat Pet WatchKit App-resources.sh\"\n";
			showEnvVarsInLog = 0;
		};
		278D51B2D0E839D3C5A34725 /* Copy Pods Resources */ = {
			isa = PBXShellScriptBuildPhase;
			buildActionMask = 2147483647;
			files = (
			);
			inputPaths = (
			);
			name = "Copy Pods Resources";
			outputPaths = (
			);
			runOnlyForDeploymentPostprocessing = 0;
			shellPath = /bin/sh;
			shellScript = "\"${SRCROOT}/Pods/Target Support Files/Pods-Sweat Pet WatchKit Extension/Pods-Sweat Pet WatchKit Extension-resources.sh\"\n";
			showEnvVarsInLog = 0;
		};
		29F0A49805CDA1B7CB4BC187 /* Check Pods Manifest.lock */ = {
			isa = PBXShellScriptBuildPhase;
			buildActionMask = 2147483647;
			files = (
			);
			inputPaths = (
			);
			name = "Check Pods Manifest.lock";
			outputPaths = (
			);
			runOnlyForDeploymentPostprocessing = 0;
			shellPath = /bin/sh;
			shellScript = "diff \"${PODS_ROOT}/../Podfile.lock\" \"${PODS_ROOT}/Manifest.lock\" > /dev/null\nif [[ $? != 0 ]] ; then\n    cat << EOM\nerror: The sandbox is not in sync with the Podfile.lock. Run 'pod install' or update your CocoaPods installation.\nEOM\n    exit 1\nfi\n";
			showEnvVarsInLog = 0;
		};
		3948693B8F5EADC8184174BE /* Check Pods Manifest.lock */ = {
			isa = PBXShellScriptBuildPhase;
			buildActionMask = 2147483647;
			files = (
			);
			inputPaths = (
			);
			name = "Check Pods Manifest.lock";
			outputPaths = (
			);
			runOnlyForDeploymentPostprocessing = 0;
			shellPath = /bin/sh;
			shellScript = "diff \"${PODS_ROOT}/../Podfile.lock\" \"${PODS_ROOT}/Manifest.lock\" > /dev/null\nif [[ $? != 0 ]] ; then\n    cat << EOM\nerror: The sandbox is not in sync with the Podfile.lock. Run 'pod install' or update your CocoaPods installation.\nEOM\n    exit 1\nfi\n";
			showEnvVarsInLog = 0;
		};
		769374B2D0A29B64BA665523 /* Copy Pods Resources */ = {
			isa = PBXShellScriptBuildPhase;
			buildActionMask = 2147483647;
			files = (
			);
			inputPaths = (
			);
			name = "Copy Pods Resources";
			outputPaths = (
			);
			runOnlyForDeploymentPostprocessing = 0;
			shellPath = /bin/sh;
			shellScript = "\"${SRCROOT}/Pods/Target Support Files/Pods-Sweat Pet/Pods-Sweat Pet-resources.sh\"\n";
			showEnvVarsInLog = 0;
		};
		82FAFB667A4116F84A46E319 /* Check Pods Manifest.lock */ = {
			isa = PBXShellScriptBuildPhase;
			buildActionMask = 2147483647;
			files = (
			);
			inputPaths = (
			);
			name = "Check Pods Manifest.lock";
			outputPaths = (
			);
			runOnlyForDeploymentPostprocessing = 0;
			shellPath = /bin/sh;
			shellScript = "diff \"${PODS_ROOT}/../Podfile.lock\" \"${PODS_ROOT}/Manifest.lock\" > /dev/null\nif [[ $? != 0 ]] ; then\n    cat << EOM\nerror: The sandbox is not in sync with the Podfile.lock. Run 'pod install' or update your CocoaPods installation.\nEOM\n    exit 1\nfi\n";
			showEnvVarsInLog = 0;
		};
		F105C800419EE5C8CA486B78 /* Copy Pods Resources */ = {
			isa = PBXShellScriptBuildPhase;
			buildActionMask = 2147483647;
			files = (
			);
			inputPaths = (
			);
			name = "Copy Pods Resources";
			outputPaths = (
			);
			runOnlyForDeploymentPostprocessing = 0;
			shellPath = /bin/sh;
			shellScript = "\"${SRCROOT}/Pods/Target Support Files/Pods-Sweat PetTests/Pods-Sweat PetTests-resources.sh\"\n";
			showEnvVarsInLog = 0;
		};
/* End PBXShellScriptBuildPhase section */

/* Begin PBXSourcesBuildPhase section */
		B08E072A19D7F9370070E82F /* Sources */ = {
			isa = PBXSourcesBuildPhase;
			buildActionMask = 2147483647;
			files = (
				EBFB65451AE1DF840017C888 /* MMWormholeTest.swift in Sources */,
				EBB15BDE1A9A4836004583CD /* GameScene.swift in Sources */,
				EB9E20AB1ADC433900182CBA /* PetModel.xcdatamodeld in Sources */,
				EBF6288C1A9C8D97000CCE12 /* PetViewController.swift in Sources */,
				EB426A521A9CA28E0033B72C /* RunViewController.swift in Sources */,
				B08E073419D7F9370070E82F /* AppDelegate.swift in Sources */,
				EB9E20B01ADCE02800182CBA /* InfoViewController.swift in Sources */,
				EB9E20AD1ADC458E00182CBA /* PetController.swift in Sources */,
			);
			runOnlyForDeploymentPostprocessing = 0;
		};
		B08E073C19D7F9370070E82F /* Sources */ = {
			isa = PBXSourcesBuildPhase;
			buildActionMask = 2147483647;
			files = (
				B08E074719D7F9370070E82F /* Sweat_PetTests.swift in Sources */,
			);
			runOnlyForDeploymentPostprocessing = 0;
		};
		EB4A119F1AF50549000040FD /* Sources */ = {
			isa = PBXSourcesBuildPhase;
			buildActionMask = 2147483647;
			files = (
				EB7FDFC31AF510C8002287F3 /* HealthKitHelper.swift in Sources */,
				EB64901B1AF50C6400609186 /* PetController.swift in Sources */,
			);
			runOnlyForDeploymentPostprocessing = 0;
		};
		EB4A11AA1AF50549000040FD /* Sources */ = {
			isa = PBXSourcesBuildPhase;
			buildActionMask = 2147483647;
			files = (
				EB4A11B81AF50549000040FD /* SweatPetUtilTests.swift in Sources */,
			);
			runOnlyForDeploymentPostprocessing = 0;
		};
		EBBC65EE1AE1794200FE7D0D /* Sources */ = {
			isa = PBXSourcesBuildPhase;
			buildActionMask = 2147483647;
			files = (
				EBBC65FA1AE1794200FE7D0D /* NotificationController.swift in Sources */,
				EBBC65F81AE1794200FE7D0D /* PetInterfaceController.swift in Sources */,
				EBFB65461AE1DF840017C888 /* MMWormholeTest.swift in Sources */,
				EBBC65FC1AE1794200FE7D0D /* GlanceController.swift in Sources */,
				EB1BAD901AF4D4CE00A21D50 /* TestInterfaceController.swift in Sources */,
				EB23F7181AE6375600E3171C /* VileInterfaceController.swift in Sources */,
				EB23F71A1AE637E500E3171C /* StatsInterfaceController.swift in Sources */,
			);
			runOnlyForDeploymentPostprocessing = 0;
		};
/* End PBXSourcesBuildPhase section */

/* Begin PBXTargetDependency section */
		B08E074219D7F9370070E82F /* PBXTargetDependency */ = {
			isa = PBXTargetDependency;
			target = B08E072D19D7F9370070E82F /* Sweat Pet */;
			targetProxy = B08E074119D7F9370070E82F /* PBXContainerItemProxy */;
		};
		EB4A11B11AF50549000040FD /* PBXTargetDependency */ = {
			isa = PBXTargetDependency;
			target = EB4A11A31AF50549000040FD /* SweatPetUtil */;
			targetProxy = EB4A11B01AF50549000040FD /* PBXContainerItemProxy */;
		};
		EB4A11B31AF50549000040FD /* PBXTargetDependency */ = {
			isa = PBXTargetDependency;
			target = B08E072D19D7F9370070E82F /* Sweat Pet */;
			targetProxy = EB4A11B21AF50549000040FD /* PBXContainerItemProxy */;
		};
		EB4A11BA1AF50549000040FD /* PBXTargetDependency */ = {
			isa = PBXTargetDependency;
			target = EB4A11A31AF50549000040FD /* SweatPetUtil */;
			targetProxy = EB4A11B91AF50549000040FD /* PBXContainerItemProxy */;
		};
		EBBC66041AE1794200FE7D0D /* PBXTargetDependency */ = {
			isa = PBXTargetDependency;
			target = EBBC66001AE1794200FE7D0D /* Sweat Pet WatchKit App */;
			targetProxy = EBBC66031AE1794200FE7D0D /* PBXContainerItemProxy */;
		};
		EBBC660E1AE1794200FE7D0D /* PBXTargetDependency */ = {
			isa = PBXTargetDependency;
			target = EBBC65F11AE1794200FE7D0D /* Sweat Pet WatchKit Extension */;
			targetProxy = EBBC660D1AE1794200FE7D0D /* PBXContainerItemProxy */;
		};
		EBBC66191AE17A3B00FE7D0D /* PBXTargetDependency */ = {
			isa = PBXTargetDependency;
			target = EBBC66001AE1794200FE7D0D /* Sweat Pet WatchKit App */;
			targetProxy = EBBC66181AE17A3B00FE7D0D /* PBXContainerItemProxy */;
		};
/* End PBXTargetDependency section */

/* Begin PBXVariantGroup section */
		B08E073719D7F9370070E82F /* Main.storyboard */ = {
			isa = PBXVariantGroup;
			children = (
				B08E073819D7F9370070E82F /* Base */,
			);
			name = Main.storyboard;
			sourceTree = "<group>";
		};
		EBBC66081AE1794200FE7D0D /* Interface.storyboard */ = {
			isa = PBXVariantGroup;
			children = (
				EBBC66091AE1794200FE7D0D /* Base */,
			);
			name = Interface.storyboard;
			sourceTree = "<group>";
		};
/* End PBXVariantGroup section */

/* Begin XCBuildConfiguration section */
		B08E074819D7F9370070E82F /* Debug */ = {
			isa = XCBuildConfiguration;
			buildSettings = {
				ALWAYS_SEARCH_USER_PATHS = NO;
				CLANG_CXX_LANGUAGE_STANDARD = "gnu++0x";
				CLANG_CXX_LIBRARY = "libc++";
				CLANG_ENABLE_MODULES = YES;
				CLANG_ENABLE_OBJC_ARC = YES;
				CLANG_WARN_BOOL_CONVERSION = YES;
				CLANG_WARN_CONSTANT_CONVERSION = YES;
				CLANG_WARN_DIRECT_OBJC_ISA_USAGE = YES_ERROR;
				CLANG_WARN_EMPTY_BODY = YES;
				CLANG_WARN_ENUM_CONVERSION = YES;
				CLANG_WARN_INT_CONVERSION = YES;
				CLANG_WARN_OBJC_ROOT_CLASS = YES_ERROR;
				CLANG_WARN_UNREACHABLE_CODE = YES;
				CLANG_WARN__DUPLICATE_METHOD_MATCH = YES;
				"CODE_SIGN_IDENTITY[sdk=iphoneos*]" = "iPhone Developer";
				COPY_PHASE_STRIP = NO;
				ENABLE_STRICT_OBJC_MSGSEND = YES;
				GCC_C_LANGUAGE_STANDARD = gnu99;
				GCC_DYNAMIC_NO_PIC = NO;
				GCC_OPTIMIZATION_LEVEL = 0;
				GCC_PREPROCESSOR_DEFINITIONS = (
					"DEBUG=1",
					"$(inherited)",
				);
				GCC_SYMBOLS_PRIVATE_EXTERN = NO;
				GCC_WARN_64_TO_32_BIT_CONVERSION = YES;
				GCC_WARN_ABOUT_RETURN_TYPE = YES_ERROR;
				GCC_WARN_UNDECLARED_SELECTOR = YES;
				GCC_WARN_UNINITIALIZED_AUTOS = YES_AGGRESSIVE;
				GCC_WARN_UNUSED_FUNCTION = YES;
				GCC_WARN_UNUSED_VARIABLE = YES;
				IPHONEOS_DEPLOYMENT_TARGET = 8.2;
				MTL_ENABLE_DEBUG_INFO = YES;
				ONLY_ACTIVE_ARCH = YES;
				SDKROOT = iphoneos;
				SWIFT_OPTIMIZATION_LEVEL = "-Onone";
				TARGETED_DEVICE_FAMILY = "1,2";
			};
			name = Debug;
		};
		B08E074919D7F9370070E82F /* Release */ = {
			isa = XCBuildConfiguration;
			buildSettings = {
				ALWAYS_SEARCH_USER_PATHS = NO;
				CLANG_CXX_LANGUAGE_STANDARD = "gnu++0x";
				CLANG_CXX_LIBRARY = "libc++";
				CLANG_ENABLE_MODULES = YES;
				CLANG_ENABLE_OBJC_ARC = YES;
				CLANG_WARN_BOOL_CONVERSION = YES;
				CLANG_WARN_CONSTANT_CONVERSION = YES;
				CLANG_WARN_DIRECT_OBJC_ISA_USAGE = YES_ERROR;
				CLANG_WARN_EMPTY_BODY = YES;
				CLANG_WARN_ENUM_CONVERSION = YES;
				CLANG_WARN_INT_CONVERSION = YES;
				CLANG_WARN_OBJC_ROOT_CLASS = YES_ERROR;
				CLANG_WARN_UNREACHABLE_CODE = YES;
				CLANG_WARN__DUPLICATE_METHOD_MATCH = YES;
				"CODE_SIGN_IDENTITY[sdk=iphoneos*]" = "iPhone Developer";
				COPY_PHASE_STRIP = YES;
				ENABLE_NS_ASSERTIONS = NO;
				ENABLE_STRICT_OBJC_MSGSEND = YES;
				GCC_C_LANGUAGE_STANDARD = gnu99;
				GCC_WARN_64_TO_32_BIT_CONVERSION = YES;
				GCC_WARN_ABOUT_RETURN_TYPE = YES_ERROR;
				GCC_WARN_UNDECLARED_SELECTOR = YES;
				GCC_WARN_UNINITIALIZED_AUTOS = YES_AGGRESSIVE;
				GCC_WARN_UNUSED_FUNCTION = YES;
				GCC_WARN_UNUSED_VARIABLE = YES;
				IPHONEOS_DEPLOYMENT_TARGET = 8.2;
				MTL_ENABLE_DEBUG_INFO = NO;
				SDKROOT = iphoneos;
				TARGETED_DEVICE_FAMILY = "1,2";
				VALIDATE_PRODUCT = YES;
			};
			name = Release;
		};
		B08E074B19D7F9370070E82F /* Debug */ = {
			isa = XCBuildConfiguration;
			baseConfigurationReference = ABDC78214604C8EA0E087B11 /* Pods-Sweat Pet.debug.xcconfig */;
			buildSettings = {
				ASSETCATALOG_COMPILER_APPICON_NAME = AppIcon;
				ASSETCATALOG_COMPILER_LAUNCHIMAGE_NAME = LaunchImage;
				CODE_SIGN_ENTITLEMENTS = "Sweat Pet/Sweat Pet.entitlements";
				CODE_SIGN_IDENTITY = "iPhone Developer";
				"CODE_SIGN_IDENTITY[sdk=iphoneos*]" = "iPhone Developer";
				INFOPLIST_FILE = "Sweat Pet/Info.plist";
				IPHONEOS_DEPLOYMENT_TARGET = 8.2;
				LD_RUNPATH_SEARCH_PATHS = "$(inherited) @executable_path/Frameworks";
				OTHER_LDFLAGS = (
					"$(inherited)",
					"-ObjC",
					"-l\"Pods-Sweat Pet-MMWormhole\"",
					"-framework",
					"\"Foundation\"",
				);
				PRODUCT_NAME = "$(TARGET_NAME)";
				PROVISIONING_PROFILE = "";
				SWIFT_OBJC_BRIDGING_HEADER = "Sweat-Pet-Bridging-Header.h";
				TARGETED_DEVICE_FAMILY = 1;
			};
			name = Debug;
		};
		B08E074C19D7F9370070E82F /* Release */ = {
			isa = XCBuildConfiguration;
			baseConfigurationReference = 57AB8E5F156380FDBAB368D1 /* Pods-Sweat Pet.release.xcconfig */;
			buildSettings = {
				ASSETCATALOG_COMPILER_APPICON_NAME = AppIcon;
				ASSETCATALOG_COMPILER_LAUNCHIMAGE_NAME = LaunchImage;
				CODE_SIGN_ENTITLEMENTS = "Sweat Pet/Sweat Pet.entitlements";
				CODE_SIGN_IDENTITY = "iPhone Developer";
				"CODE_SIGN_IDENTITY[sdk=iphoneos*]" = "iPhone Developer";
				INFOPLIST_FILE = "Sweat Pet/Info.plist";
				IPHONEOS_DEPLOYMENT_TARGET = 8.2;
				LD_RUNPATH_SEARCH_PATHS = "$(inherited) @executable_path/Frameworks";
				OTHER_LDFLAGS = (
					"$(inherited)",
					"-ObjC",
					"-l\"Pods-Sweat Pet-MMWormhole\"",
					"-framework",
					"\"Foundation\"",
				);
				PRODUCT_NAME = "$(TARGET_NAME)";
				PROVISIONING_PROFILE = "";
				SWIFT_OBJC_BRIDGING_HEADER = "Sweat-Pet-Bridging-Header.h";
				TARGETED_DEVICE_FAMILY = 1;
			};
			name = Release;
		};
		B08E074E19D7F9370070E82F /* Debug */ = {
			isa = XCBuildConfiguration;
			baseConfigurationReference = 626DBD05F3751CC3B8CF3043 /* Pods-Sweat PetTests.debug.xcconfig */;
			buildSettings = {
				BUNDLE_LOADER = "$(TEST_HOST)";
				FRAMEWORK_SEARCH_PATHS = (
					"$(SDKROOT)/Developer/Library/Frameworks",
					"$(inherited)",
				);
				GCC_PREPROCESSOR_DEFINITIONS = (
					"DEBUG=1",
					"$(inherited)",
				);
				INFOPLIST_FILE = "Sweat PetTests/Info.plist";
				LD_RUNPATH_SEARCH_PATHS = "$(inherited) @executable_path/Frameworks @loader_path/Frameworks";
				PRODUCT_NAME = "$(TARGET_NAME)";
				TEST_HOST = "$(BUILT_PRODUCTS_DIR)/Sweat Pet.app/Sweat Pet";
			};
			name = Debug;
		};
		B08E074F19D7F9370070E82F /* Release */ = {
			isa = XCBuildConfiguration;
			baseConfigurationReference = FDDD1C5C6DDB469323687E48 /* Pods-Sweat PetTests.release.xcconfig */;
			buildSettings = {
				BUNDLE_LOADER = "$(TEST_HOST)";
				FRAMEWORK_SEARCH_PATHS = (
					"$(SDKROOT)/Developer/Library/Frameworks",
					"$(inherited)",
				);
				INFOPLIST_FILE = "Sweat PetTests/Info.plist";
				LD_RUNPATH_SEARCH_PATHS = "$(inherited) @executable_path/Frameworks @loader_path/Frameworks";
				PRODUCT_NAME = "$(TARGET_NAME)";
				TEST_HOST = "$(BUILT_PRODUCTS_DIR)/Sweat Pet.app/Sweat Pet";
			};
			name = Release;
		};
		EB4A11BE1AF50549000040FD /* Debug */ = {
			isa = XCBuildConfiguration;
			buildSettings = {
				CLANG_ENABLE_MODULES = YES;
				CODE_SIGN_IDENTITY = "iPhone Developer";
				"CODE_SIGN_IDENTITY[sdk=iphoneos*]" = "iPhone Developer";
				CURRENT_PROJECT_VERSION = 1;
				DEBUG_INFORMATION_FORMAT = "dwarf-with-dsym";
				DEFINES_MODULE = YES;
				DYLIB_COMPATIBILITY_VERSION = 1;
				DYLIB_CURRENT_VERSION = 1;
				DYLIB_INSTALL_NAME_BASE = "@rpath";
				GCC_NO_COMMON_BLOCKS = YES;
				GCC_PREPROCESSOR_DEFINITIONS = (
					"DEBUG=1",
					"$(inherited)",
				);
				INFOPLIST_FILE = SweatPetUtil/Info.plist;
				INSTALL_PATH = "$(LOCAL_LIBRARY_DIR)/Frameworks";
				IPHONEOS_DEPLOYMENT_TARGET = 8.2;
				LD_RUNPATH_SEARCH_PATHS = "$(inherited) @executable_path/Frameworks @loader_path/Frameworks";
				PRODUCT_NAME = "$(TARGET_NAME)";
				SKIP_INSTALL = YES;
				SWIFT_OPTIMIZATION_LEVEL = "-Onone";
				VERSIONING_SYSTEM = "apple-generic";
				VERSION_INFO_PREFIX = "";
			};
			name = Debug;
		};
		EB4A11BF1AF50549000040FD /* Release */ = {
			isa = XCBuildConfiguration;
			buildSettings = {
				CLANG_ENABLE_MODULES = YES;
				CODE_SIGN_IDENTITY = "iPhone Developer";
				"CODE_SIGN_IDENTITY[sdk=iphoneos*]" = "iPhone Developer";
				COPY_PHASE_STRIP = NO;
				CURRENT_PROJECT_VERSION = 1;
				DEBUG_INFORMATION_FORMAT = "dwarf-with-dsym";
				DEFINES_MODULE = YES;
				DYLIB_COMPATIBILITY_VERSION = 1;
				DYLIB_CURRENT_VERSION = 1;
				DYLIB_INSTALL_NAME_BASE = "@rpath";
				GCC_NO_COMMON_BLOCKS = YES;
				INFOPLIST_FILE = SweatPetUtil/Info.plist;
				INSTALL_PATH = "$(LOCAL_LIBRARY_DIR)/Frameworks";
				IPHONEOS_DEPLOYMENT_TARGET = 8.2;
				LD_RUNPATH_SEARCH_PATHS = "$(inherited) @executable_path/Frameworks @loader_path/Frameworks";
				PRODUCT_NAME = "$(TARGET_NAME)";
				SKIP_INSTALL = YES;
				VERSIONING_SYSTEM = "apple-generic";
				VERSION_INFO_PREFIX = "";
			};
			name = Release;
		};
		EB4A11C01AF50549000040FD /* Debug */ = {
			isa = XCBuildConfiguration;
			buildSettings = {
				DEBUG_INFORMATION_FORMAT = "dwarf-with-dsym";
				FRAMEWORK_SEARCH_PATHS = (
					"$(SDKROOT)/Developer/Library/Frameworks",
					"$(inherited)",
				);
				GCC_NO_COMMON_BLOCKS = YES;
				GCC_PREPROCESSOR_DEFINITIONS = (
					"DEBUG=1",
					"$(inherited)",
				);
				INFOPLIST_FILE = SweatPetUtilTests/Info.plist;
				IPHONEOS_DEPLOYMENT_TARGET = 8.3;
				LD_RUNPATH_SEARCH_PATHS = "$(inherited) @executable_path/Frameworks @loader_path/Frameworks";
				PRODUCT_NAME = "$(TARGET_NAME)";
				TEST_HOST = "$(BUILT_PRODUCTS_DIR)/Sweat Pet.app/Sweat Pet";
			};
			name = Debug;
		};
		EB4A11C11AF50549000040FD /* Release */ = {
			isa = XCBuildConfiguration;
			buildSettings = {
				COPY_PHASE_STRIP = NO;
				DEBUG_INFORMATION_FORMAT = "dwarf-with-dsym";
				FRAMEWORK_SEARCH_PATHS = (
					"$(SDKROOT)/Developer/Library/Frameworks",
					"$(inherited)",
				);
				GCC_NO_COMMON_BLOCKS = YES;
				INFOPLIST_FILE = SweatPetUtilTests/Info.plist;
				IPHONEOS_DEPLOYMENT_TARGET = 8.3;
				LD_RUNPATH_SEARCH_PATHS = "$(inherited) @executable_path/Frameworks @loader_path/Frameworks";
				PRODUCT_NAME = "$(TARGET_NAME)";
				TEST_HOST = "$(BUILT_PRODUCTS_DIR)/Sweat Pet.app/Sweat Pet";
			};
			name = Release;
		};
		EBBC66101AE1794200FE7D0D /* Debug */ = {
			isa = XCBuildConfiguration;
			baseConfigurationReference = 74067E45A9DFB1EB38EDC871 /* Pods-Sweat Pet WatchKit Extension.debug.xcconfig */;
			buildSettings = {
				CODE_SIGN_ENTITLEMENTS = "Sweat Pet WatchKit Extension/Sweat Pet WatchKit Extension.entitlements";
				CODE_SIGN_IDENTITY = "iPhone Developer";
				"CODE_SIGN_IDENTITY[sdk=iphoneos*]" = "iPhone Developer";
				DEBUG_INFORMATION_FORMAT = "dwarf-with-dsym";
				GCC_NO_COMMON_BLOCKS = YES;
				GCC_PREPROCESSOR_DEFINITIONS = (
					"DEBUG=1",
					"$(inherited)",
				);
				INFOPLIST_FILE = "Sweat Pet WatchKit Extension/Info.plist";
				IPHONEOS_DEPLOYMENT_TARGET = 8.3;
				LD_RUNPATH_SEARCH_PATHS = "$(inherited) @executable_path/Frameworks @executable_path/../../Frameworks";
				PRODUCT_NAME = "${TARGET_NAME}";
				PROVISIONING_PROFILE = "";
				SKIP_INSTALL = YES;
				SWIFT_OBJC_BRIDGING_HEADER = "Sweat-Pet-Bridging-Header.h";
			};
			name = Debug;
		};
		EBBC66111AE1794200FE7D0D /* Release */ = {
			isa = XCBuildConfiguration;
			baseConfigurationReference = 80FFB2BE3C69CD84F9FF3E11 /* Pods-Sweat Pet WatchKit Extension.release.xcconfig */;
			buildSettings = {
				CODE_SIGN_ENTITLEMENTS = "Sweat Pet WatchKit Extension/Sweat Pet WatchKit Extension.entitlements";
				CODE_SIGN_IDENTITY = "iPhone Developer";
				"CODE_SIGN_IDENTITY[sdk=iphoneos*]" = "iPhone Developer";
				COPY_PHASE_STRIP = NO;
				DEBUG_INFORMATION_FORMAT = "dwarf-with-dsym";
				GCC_NO_COMMON_BLOCKS = YES;
				INFOPLIST_FILE = "Sweat Pet WatchKit Extension/Info.plist";
				IPHONEOS_DEPLOYMENT_TARGET = 8.3;
				LD_RUNPATH_SEARCH_PATHS = "$(inherited) @executable_path/Frameworks @executable_path/../../Frameworks";
				PRODUCT_NAME = "${TARGET_NAME}";
				PROVISIONING_PROFILE = "";
				SKIP_INSTALL = YES;
				SWIFT_OBJC_BRIDGING_HEADER = "Sweat-Pet-Bridging-Header.h";
			};
			name = Release;
		};
		EBBC66121AE1794200FE7D0D /* Debug */ = {
			isa = XCBuildConfiguration;
			baseConfigurationReference = 8B67871821D36143EDF8BD07 /* Pods-Sweat Pet WatchKit App.debug.xcconfig */;
			buildSettings = {
				ASSETCATALOG_COMPILER_APPICON_NAME = AppIcon;
				CODE_SIGN_IDENTITY = "iPhone Developer";
				"CODE_SIGN_IDENTITY[sdk=iphoneos*]" = "iPhone Developer";
				DEBUG_INFORMATION_FORMAT = "dwarf-with-dsym";
				GCC_NO_COMMON_BLOCKS = YES;
				GCC_PREPROCESSOR_DEFINITIONS = (
					"DEBUG=1",
					"$(inherited)",
				);
				IBSC_MODULE = Sweat_Pet_WatchKit_Extension;
				INFOPLIST_FILE = "Sweat Pet WatchKit App/Info.plist";
				IPHONEOS_DEPLOYMENT_TARGET = 8.2;
				PRODUCT_NAME = "$(TARGET_NAME)";
				SKIP_INSTALL = YES;
				TARGETED_DEVICE_FAMILY = 4;
				"TARGETED_DEVICE_FAMILY[sdk=iphonesimulator*]" = "1,4";
			};
			name = Debug;
		};
		EBBC66131AE1794200FE7D0D /* Release */ = {
			isa = XCBuildConfiguration;
			baseConfigurationReference = F5138D34FAB5E365629424A8 /* Pods-Sweat Pet WatchKit App.release.xcconfig */;
			buildSettings = {
				ASSETCATALOG_COMPILER_APPICON_NAME = AppIcon;
				CODE_SIGN_IDENTITY = "iPhone Developer";
				"CODE_SIGN_IDENTITY[sdk=iphoneos*]" = "iPhone Developer";
				COPY_PHASE_STRIP = NO;
				DEBUG_INFORMATION_FORMAT = "dwarf-with-dsym";
				GCC_NO_COMMON_BLOCKS = YES;
				IBSC_MODULE = Sweat_Pet_WatchKit_Extension;
				INFOPLIST_FILE = "Sweat Pet WatchKit App/Info.plist";
				IPHONEOS_DEPLOYMENT_TARGET = 8.2;
				PRODUCT_NAME = "$(TARGET_NAME)";
				SKIP_INSTALL = YES;
				TARGETED_DEVICE_FAMILY = 4;
				"TARGETED_DEVICE_FAMILY[sdk=iphonesimulator*]" = "1,4";
			};
			name = Release;
		};
/* End XCBuildConfiguration section */

/* Begin XCConfigurationList section */
		B08E072919D7F9370070E82F /* Build configuration list for PBXProject "Sweat Pet" */ = {
			isa = XCConfigurationList;
			buildConfigurations = (
				B08E074819D7F9370070E82F /* Debug */,
				B08E074919D7F9370070E82F /* Release */,
			);
			defaultConfigurationIsVisible = 0;
			defaultConfigurationName = Release;
		};
		B08E074A19D7F9370070E82F /* Build configuration list for PBXNativeTarget "Sweat Pet" */ = {
			isa = XCConfigurationList;
			buildConfigurations = (
				B08E074B19D7F9370070E82F /* Debug */,
				B08E074C19D7F9370070E82F /* Release */,
			);
			defaultConfigurationIsVisible = 0;
			defaultConfigurationName = Release;
		};
		B08E074D19D7F9370070E82F /* Build configuration list for PBXNativeTarget "Sweat PetTests" */ = {
			isa = XCConfigurationList;
			buildConfigurations = (
				B08E074E19D7F9370070E82F /* Debug */,
				B08E074F19D7F9370070E82F /* Release */,
			);
			defaultConfigurationIsVisible = 0;
			defaultConfigurationName = Release;
		};
		EB4A11C21AF50549000040FD /* Build configuration list for PBXNativeTarget "SweatPetUtil" */ = {
			isa = XCConfigurationList;
			buildConfigurations = (
				EB4A11BE1AF50549000040FD /* Debug */,
				EB4A11BF1AF50549000040FD /* Release */,
			);
			defaultConfigurationIsVisible = 0;
			defaultConfigurationName = Release;
		};
		EB4A11C31AF50549000040FD /* Build configuration list for PBXNativeTarget "SweatPetUtilTests" */ = {
			isa = XCConfigurationList;
			buildConfigurations = (
				EB4A11C01AF50549000040FD /* Debug */,
				EB4A11C11AF50549000040FD /* Release */,
			);
			defaultConfigurationIsVisible = 0;
			defaultConfigurationName = Release;
		};
		EBBC66141AE1794200FE7D0D /* Build configuration list for PBXNativeTarget "Sweat Pet WatchKit App" */ = {
			isa = XCConfigurationList;
			buildConfigurations = (
				EBBC66121AE1794200FE7D0D /* Debug */,
				EBBC66131AE1794200FE7D0D /* Release */,
			);
			defaultConfigurationIsVisible = 0;
			defaultConfigurationName = Release;
		};
		EBBC66151AE1794200FE7D0D /* Build configuration list for PBXNativeTarget "Sweat Pet WatchKit Extension" */ = {
			isa = XCConfigurationList;
			buildConfigurations = (
				EBBC66101AE1794200FE7D0D /* Debug */,
				EBBC66111AE1794200FE7D0D /* Release */,
			);
			defaultConfigurationIsVisible = 0;
			defaultConfigurationName = Release;
		};
/* End XCConfigurationList section */

/* Begin XCVersionGroup section */
		EB9E20A91ADC433900182CBA /* PetModel.xcdatamodeld */ = {
			isa = XCVersionGroup;
			children = (
				EB9E20AA1ADC433900182CBA /* PetModel.xcdatamodel */,
			);
			currentVersion = EB9E20AA1ADC433900182CBA /* PetModel.xcdatamodel */;
			path = PetModel.xcdatamodeld;
			sourceTree = "<group>";
			versionGroupType = wrapper.xcdatamodel;
		};
/* End XCVersionGroup section */
	};
	rootObject = B08E072619D7F9370070E82F /* Project object */;
}
